<?xml version="1.0" encoding="utf-8"?>
<Project ToolsVersion="17.0" xmlns="http://schemas.microsoft.com/developer/msbuild/2003">
  <ItemGroup>
    <ClCompile Include="C:\dev\m8-sdl3\src\main.cpp">
      <Filter>Source Files</Filter>
    </ClCompile>
    <ClCompile Include="C:\dev\m8-sdl3\src\ui\Renderer.cpp">
      <Filter>Source Files</Filter>
    </ClCompile>
    <ClCompile Include="C:\dev\m8-sdl3\src\ui\ViewManager.cpp">
      <Filter>Source Files</Filter>
    </ClCompile>
    <ClCompile Include="C:\dev\m8-sdl3\src\ui\FileBrowser.cpp">
      <Filter>Source Files</Filter>
    </ClCompile>
    <ClCompile Include="C:\dev\m8-sdl3\src\ui\screens\song\SongScreen.cpp">
      <Filter>Source Files</Filter>
    </ClCompile>
    <ClCompile Include="C:\dev\m8-sdl3\src\ui\screens\chain\ChainScreen.cpp">
      <Filter>Source Files</Filter>
    </ClCompile>
    <ClCompile Include="C:\dev\m8-sdl3\src\ui\screens\phrase\PhraseScreen.cpp">
      <Filter>Source Files</Filter>
    </ClCompile>
    <ClCompile Include="C:\dev\m8-sdl3\src\ui\screens\instrument\InstrumentScreen.cpp">
      <Filter>Source Files</Filter>
    </ClCompile>
    <ClCompile Include="C:\dev\m8-sdl3\src\ui\screens\table\TableScreen.cpp">
      <Filter>Source Files</Filter>
    </ClCompile>
    <ClCompile Include="C:\dev\m8-sdl3\src\ui\screens\project\ProjectScreen.cpp">
      <Filter>Source Files</Filter>
    </ClCompile>
    <ClCompile Include="C:\dev\m8-sdl3\src\ui\screens\groove\GrooveScreen.cpp">
      <Filter>Source Files</Filter>
    </ClCompile>
    <ClCompile Include="C:\dev\m8-sdl3\src\ui\screens\scale\ScaleScreen.cpp">
      <Filter>Source Files</Filter>
    </ClCompile>
    <ClCompile Include="C:\dev\m8-sdl3\src\ui\screens\mods\ModScreen.cpp">
      <Filter>Source Files</Filter>
    </ClCompile>
    <ClCompile Include="C:\dev\m8-sdl3\src\ui\screens\inst_pool\InstPoolScreen.cpp">
      <Filter>Source Files</Filter>
    </ClCompile>
    <ClCompile Include="C:\dev\m8-sdl3\src\ui\screens\mixer\MixerScreen.cpp">
      <Filter>Source Files</Filter>
    </ClCompile>
    <ClCompile Include="C:\dev\m8-sdl3\src\ui\screens\effects\EffectsScreen.cpp">
      <Filter>Source Files</Filter>
    </ClCompile>
  </ItemGroup>
  <ItemGroup>
    <CustomBuild Include="C:\dev\m8-sdl3\CMakeLists.txt" />
  </ItemGroup>
  <ItemGroup>
    <Filter Include="Source Files">
      <UniqueIdentifier>{378C181C-048B-35FD-8C72-253D3478FCC4}</UniqueIdentifier>
    </Filter>
  </ItemGroup>
</Project>
